{
  "requires": true,
  "lockfileVersion": 1,
  "dependencies": {
    "lolhost": {
      "version": "1.1.2",
      "resolved": "https://registry.npmjs.org/lolhost/-/lolhost-1.1.2.tgz",
      "integrity": "sha512-7THqGS/nEQEcHX4xYX3UdHzsHTUn+CwNrhvnRGXhN7P1xjBDuh+drFqzaubr8MssfnaqOB7Eha9dgd7V6jFrVQ=="
    }
  }
}
